
Microsoft Visual Studio Solution File, Format Version 12.00
# Visual Studio Version 17
VisualStudioVersion = 17.0.32014.148
MinimumVisualStudioVersion = 10.0.40219.1
Project("{8BC9CEB8-8B4A-11D0-8D11-00A0C91BC942}") = "ms-sample-http", "ms-sample-http\ms-sample-http.vcxproj", "{88606FE2-72DD-489D-B922-6A14D8F24D05}"
EndProject
Global
	GlobalSection(SolutionConfigurationPlatforms) = preSolution
		Debug|x64 = Debug|x64
		Debug|x86 = Debug|x86
		Release|x64 = Release|x64
		Release|x86 = Release|x86
	EndGlobalSection
	GlobalSection(ProjectConfigurationPlatforms) = postSolution
		{88606FE2-72DD-489D-B922-6A14D8F24D05}.Debug|x64.ActiveCfg = Debug|x64
		{88606FE2-72DD-489D-B922-6A14D8F24D05}.Debug|x64.Build.0 = Debug|x64
		{88606FE2-72DD-489D-B922-6A14D8F24D05}.Debug|x86.ActiveCfg = Debug|Win32
		{88606FE2-72DD-489D-B922-6A14D8F24D05}.Debug|x86.Build.0 = Debug|Win32
		{88606FE2-72DD-489D-B922-6A14D8F24D05}.Release|x64.ActiveCfg = Release|x64
		{88606FE2-72DD-489D-B922-6A14D8F24D05}.Release|x64.Build.0 = Release|x64
		{88606FE2-72DD-489D-B922-6A14D8F24D05}.Release|x86.ActiveCfg = Release|Win32
		{88606FE2-72DD-489D-B922-6A14D8F24D05}.Release|x86.Build.0 = Release|Win32
	EndGlobalSection
	GlobalSection(SolutionProperties) = preSolution
		HideSolutionNode = FALSE
	EndGlobalSection
	GlobalSection(ExtensibilityGlobals) = postSolution
		SolutionGuid = {680DCCF7-AE35-4D08-8041-98E53835075B}
	EndGlobalSection
EndGlobal
